
Microsoft Visual Studio Solution File, Format Version 12.00
# Visual Studio Version 17
VisualStudioVersion = 17.5.33627.172
MinimumVisualStudioVersion = 10.0.40219.1
Project("{9A19103F-16F7-4668-BE54-9A1E7A4F7556}") = "WorkingWithImages", "WorkingWithImages\WorkingWithImages.csproj", "{7530A378-EE53-40C4-B77E-B043C860F97D}"
EndProject
Project("{9A19103F-16F7-4668-BE54-9A1E7A4F7556}") = "Serilogging", "Serilogging\Serilogging.csproj", "{C4ED95BB-346A-4BD3-96BF-A295DF6F293E}"
EndProject
Project("{9A19103F-16F7-4668-BE54-9A1E7A4F7556}") = "MappingObjects.Models", "MappingObjects.Models\MappingObjects.Models.csproj", "{752ED13B-2CC6-4059-9981-BA8EBC67E236}"
EndProject
Project("{9A19103F-16F7-4668-BE54-9A1E7A4F7556}") = "MappingObjects.Mappers", "MappingObjects.Mappers\MappingObjects.Mappers.csproj", "{310345C8-DA9E-4AE1-89C2-D5545B3BE0DC}"
EndProject
Project("{9A19103F-16F7-4668-BE54-9A1E7A4F7556}") = "MappingObjects.Tests", "MappingObjects.Tests\MappingObjects.Tests.csproj", "{84D085DB-5EE5-4AB9-8DE5-9CD11920A378}"
EndProject
Project("{9A19103F-16F7-4668-BE54-9A1E7A4F7556}") = "MappingObjects", "MappingObjects\MappingObjects.csproj", "{CE268883-087B-4857-B8F4-7427FF4515B6}"
EndProject
Project("{FAE04EC0-301F-11D3-BF4B-00C04F79EFBC}") = "FluentTests", "FluentTests\FluentTests.csproj", "{78766C7C-2F9C-403E-9EDC-B81457D94A4C}"
EndProject
Project("{FAE04EC0-301F-11D3-BF4B-00C04F79EFBC}") = "FluentValidation.Models", "FluentValidation.Models\FluentValidation.Models.csproj", "{E63329D6-2EE0-4DF0-9D18-50E427822BF7}"
EndProject
Project("{FAE04EC0-301F-11D3-BF4B-00C04F79EFBC}") = "FluentValidation.Validators", "FluentValidation.Validators\FluentValidation.Validators.csproj", "{94401939-EB9C-4F40-B012-280A692BEDE6}"
EndProject
Project("{FAE04EC0-301F-11D3-BF4B-00C04F79EFBC}") = "FluentValidation.App", "FluentValidation.App\FluentValidation.App.csproj", "{68B8101F-E015-4229-B9C4-FCC2540140DC}"
EndProject
Project("{FAE04EC0-301F-11D3-BF4B-00C04F79EFBC}") = "GeneratingPdf.Models", "GeneratingPdf.Models\GeneratingPdf.Models.csproj", "{BA98AE8D-6BBC-4985-8348-F0CFE3B3A4CF}"
EndProject
Project("{FAE04EC0-301F-11D3-BF4B-00C04F79EFBC}") = "GeneratingPdf.Document", "GeneratingPdf.Document\GeneratingPdf.Document.csproj", "{EAE0E768-2CF1-4C92-8F75-114EBB968790}"
EndProject
Project("{FAE04EC0-301F-11D3-BF4B-00C04F79EFBC}") = "GeneratingPdf.App", "GeneratingPdf.App\GeneratingPdf.App.csproj", "{E01EA1C9-9E4F-4C1D-9932-CCCFDEC2E90A}"
EndProject
Global
	GlobalSection(SolutionConfigurationPlatforms) = preSolution
		Debug|Any CPU = Debug|Any CPU
		Release|Any CPU = Release|Any CPU
	EndGlobalSection
	GlobalSection(ProjectConfigurationPlatforms) = postSolution
		{7530A378-EE53-40C4-B77E-B043C860F97D}.Debug|Any CPU.ActiveCfg = Debug|Any CPU
		{7530A378-EE53-40C4-B77E-B043C860F97D}.Debug|Any CPU.Build.0 = Debug|Any CPU
		{7530A378-EE53-40C4-B77E-B043C860F97D}.Release|Any CPU.ActiveCfg = Release|Any CPU
		{7530A378-EE53-40C4-B77E-B043C860F97D}.Release|Any CPU.Build.0 = Release|Any CPU
		{C4ED95BB-346A-4BD3-96BF-A295DF6F293E}.Debug|Any CPU.ActiveCfg = Debug|Any CPU
		{C4ED95BB-346A-4BD3-96BF-A295DF6F293E}.Debug|Any CPU.Build.0 = Debug|Any CPU
		{C4ED95BB-346A-4BD3-96BF-A295DF6F293E}.Release|Any CPU.ActiveCfg = Release|Any CPU
		{C4ED95BB-346A-4BD3-96BF-A295DF6F293E}.Release|Any CPU.Build.0 = Release|Any CPU
		{752ED13B-2CC6-4059-9981-BA8EBC67E236}.Debug|Any CPU.ActiveCfg = Debug|Any CPU
		{752ED13B-2CC6-4059-9981-BA8EBC67E236}.Debug|Any CPU.Build.0 = Debug|Any CPU
		{752ED13B-2CC6-4059-9981-BA8EBC67E236}.Release|Any CPU.ActiveCfg = Release|Any CPU
		{752ED13B-2CC6-4059-9981-BA8EBC67E236}.Release|Any CPU.Build.0 = Release|Any CPU
		{310345C8-DA9E-4AE1-89C2-D5545B3BE0DC}.Debug|Any CPU.ActiveCfg = Debug|Any CPU
		{310345C8-DA9E-4AE1-89C2-D5545B3BE0DC}.Debug|Any CPU.Build.0 = Debug|Any CPU
		{310345C8-DA9E-4AE1-89C2-D5545B3BE0DC}.Release|Any CPU.ActiveCfg = Release|Any CPU
		{310345C8-DA9E-4AE1-89C2-D5545B3BE0DC}.Release|Any CPU.Build.0 = Release|Any CPU
		{84D085DB-5EE5-4AB9-8DE5-9CD11920A378}.Debug|Any CPU.ActiveCfg = Debug|Any CPU
		{84D085DB-5EE5-4AB9-8DE5-9CD11920A378}.Debug|Any CPU.Build.0 = Debug|Any CPU
		{84D085DB-5EE5-4AB9-8DE5-9CD11920A378}.Release|Any CPU.ActiveCfg = Release|Any CPU
		{84D085DB-5EE5-4AB9-8DE5-9CD11920A378}.Release|Any CPU.Build.0 = Release|Any CPU
		{CE268883-087B-4857-B8F4-7427FF4515B6}.Debug|Any CPU.ActiveCfg = Debug|Any CPU
		{CE268883-087B-4857-B8F4-7427FF4515B6}.Debug|Any CPU.Build.0 = Debug|Any CPU
		{CE268883-087B-4857-B8F4-7427FF4515B6}.Release|Any CPU.ActiveCfg = Release|Any CPU
		{CE268883-087B-4857-B8F4-7427FF4515B6}.Release|Any CPU.Build.0 = Release|Any CPU
		{78766C7C-2F9C-403E-9EDC-B81457D94A4C}.Debug|Any CPU.ActiveCfg = Debug|Any CPU
		{78766C7C-2F9C-403E-9EDC-B81457D94A4C}.Debug|Any CPU.Build.0 = Debug|Any CPU
		{78766C7C-2F9C-403E-9EDC-B81457D94A4C}.Release|Any CPU.ActiveCfg = Release|Any CPU
		{78766C7C-2F9C-403E-9EDC-B81457D94A4C}.Release|Any CPU.Build.0 = Release|Any CPU
		{E63329D6-2EE0-4DF0-9D18-50E427822BF7}.Debug|Any CPU.ActiveCfg = Debug|Any CPU
		{E63329D6-2EE0-4DF0-9D18-50E427822BF7}.Debug|Any CPU.Build.0 = Debug|Any CPU
		{E63329D6-2EE0-4DF0-9D18-50E427822BF7}.Release|Any CPU.ActiveCfg = Release|Any CPU
		{E63329D6-2EE0-4DF0-9D18-50E427822BF7}.Release|Any CPU.Build.0 = Release|Any CPU
		{94401939-EB9C-4F40-B012-280A692BEDE6}.Debug|Any CPU.ActiveCfg = Debug|Any CPU
		{94401939-EB9C-4F40-B012-280A692BEDE6}.Debug|Any CPU.Build.0 = Debug|Any CPU
		{94401939-EB9C-4F40-B012-280A692BEDE6}.Release|Any CPU.ActiveCfg = Release|Any CPU
		{94401939-EB9C-4F40-B012-280A692BEDE6}.Release|Any CPU.Build.0 = Release|Any CPU
		{68B8101F-E015-4229-B9C4-FCC2540140DC}.Debug|Any CPU.ActiveCfg = Debug|Any CPU
		{68B8101F-E015-4229-B9C4-FCC2540140DC}.Debug|Any CPU.Build.0 = Debug|Any CPU
		{68B8101F-E015-4229-B9C4-FCC2540140DC}.Release|Any CPU.ActiveCfg = Release|Any CPU
		{68B8101F-E015-4229-B9C4-FCC2540140DC}.Release|Any CPU.Build.0 = Release|Any CPU
		{BA98AE8D-6BBC-4985-8348-F0CFE3B3A4CF}.Debug|Any CPU.ActiveCfg = Debug|Any CPU
		{BA98AE8D-6BBC-4985-8348-F0CFE3B3A4CF}.Debug|Any CPU.Build.0 = Debug|Any CPU
		{BA98AE8D-6BBC-4985-8348-F0CFE3B3A4CF}.Release|Any CPU.ActiveCfg = Release|Any CPU
		{BA98AE8D-6BBC-4985-8348-F0CFE3B3A4CF}.Release|Any CPU.Build.0 = Release|Any CPU
		{EAE0E768-2CF1-4C92-8F75-114EBB968790}.Debug|Any CPU.ActiveCfg = Debug|Any CPU
		{EAE0E768-2CF1-4C92-8F75-114EBB968790}.Debug|Any CPU.Build.0 = Debug|Any CPU
		{EAE0E768-2CF1-4C92-8F75-114EBB968790}.Release|Any CPU.ActiveCfg = Release|Any CPU
		{EAE0E768-2CF1-4C92-8F75-114EBB968790}.Release|Any CPU.Build.0 = Release|Any CPU
		{E01EA1C9-9E4F-4C1D-9932-CCCFDEC2E90A}.Debug|Any CPU.ActiveCfg = Debug|Any CPU
		{E01EA1C9-9E4F-4C1D-9932-CCCFDEC2E90A}.Debug|Any CPU.Build.0 = Debug|Any CPU
		{E01EA1C9-9E4F-4C1D-9932-CCCFDEC2E90A}.Release|Any CPU.ActiveCfg = Release|Any CPU
		{E01EA1C9-9E4F-4C1D-9932-CCCFDEC2E90A}.Release|Any CPU.Build.0 = Release|Any CPU
	EndGlobalSection
	GlobalSection(SolutionProperties) = preSolution
		HideSolutionNode = FALSE
	EndGlobalSection
	GlobalSection(ExtensibilityGlobals) = postSolution
		SolutionGuid = {6B8A41A9-D6AE-4208-B2A1-A79D7BE24963}
	EndGlobalSection
EndGlobal
